
Microsoft Visual Studio Solution File, Format Version 12.00
# Visual Studio Version 17
VisualStudioVersion = 17.10.34916.146
MinimumVisualStudioVersion = 10.0.40219.1
Project("{FAE04EC0-301F-11D3-BF4B-00C04F79EFBC}") = "FirstApp", "FirstApp\FirstApp.csproj", "{4D98FBA0-2FF9-4C85-8087-00AA29B0FA7F}"
EndProject
Global
	GlobalSection(SolutionConfigurationPlatforms) = preSolution
		Debug|Any CPU = Debug|Any CPU
		Release|Any CPU = Release|Any CPU
	EndGlobalSection
	GlobalSection(ProjectConfigurationPlatforms) = postSolution
		{4D98FBA0-2FF9-4C85-8087-00AA29B0FA7F}.Debug|Any CPU.ActiveCfg = Debug|Any CPU
		{4D98FBA0-2FF9-4C85-8087-00AA29B0FA7F}.Debug|Any CPU.Build.0 = Debug|Any CPU
		{4D98FBA0-2FF9-4C85-8087-00AA29B0FA7F}.Release|Any CPU.ActiveCfg = Release|Any CPU
		{4D98FBA0-2FF9-4C85-8087-00AA29B0FA7F}.Release|Any CPU.Build.0 = Release|Any CPU
	EndGlobalSection
	GlobalSection(SolutionProperties) = preSolution
		HideSolutionNode = FALSE
	EndGlobalSection
	GlobalSection(ExtensibilityGlobals) = postSolution
		SolutionGuid = {591822F4-C34E-4C59-8D3A-4B82CF923B45}
	EndGlobalSection
EndGlobal
